
Microsoft Visual Studio Solution File, Format Version 12.00
# Visual Studio Version 16
VisualStudioVersion = 16.0.29424.173
MinimumVisualStudioVersion = 10.0.40219.1
Project("{FAE04EC0-301F-11D3-BF4B-00C04F79EFBC}") = "HelloMVC", "HelloMVC\HelloMVC.csproj", "{607B8ACE-2C57-4B84-81D9-A6D908F62D6A}"
EndProject
Global
	GlobalSection(SolutionConfigurationPlatforms) = preSolution
		Debug|Any CPU = Debug|Any CPU
		Release|Any CPU = Release|Any CPU
	EndGlobalSection
	GlobalSection(ProjectConfigurationPlatforms) = postSolution
		{607B8ACE-2C57-4B84-81D9-A6D908F62D6A}.Debug|Any CPU.ActiveCfg = Debug|Any CPU
		{607B8ACE-2C57-4B84-81D9-A6D908F62D6A}.Debug|Any CPU.Build.0 = Debug|Any CPU
		{607B8ACE-2C57-4B84-81D9-A6D908F62D6A}.Release|Any CPU.ActiveCfg = Release|Any CPU
		{607B8ACE-2C57-4B84-81D9-A6D908F62D6A}.Release|Any CPU.Build.0 = Release|Any CPU
	EndGlobalSection
	GlobalSection(SolutionProperties) = preSolution
		HideSolutionNode = FALSE
	EndGlobalSection
	GlobalSection(ExtensibilityGlobals) = postSolution
		SolutionGuid = {2E022396-7D9D-4C2F-A345-6B6C2B4485DA}
	EndGlobalSection
EndGlobal
